
Microsoft Visual Studio Solution File, Format Version 12.00
# Visual Studio 15
VisualStudioVersion = 15.0.28307.572
MinimumVisualStudioVersion = 10.0.40219.1
Project("{FAE04EC0-301F-11D3-BF4B-00C04F79EFBC}") = "COMP2614Assign07", "COMP2614Assign07.csproj", "{B2BF1084-5F88-40FF-8CAA-24A0A3DF721D}"
EndProject
Project("{FAE04EC0-301F-11D3-BF4B-00C04F79EFBC}") = "BusinessLib", "..\BusinessLib\BusinessLib.csproj", "{404D4A91-9E1C-4350-AD52-2B48B065C012}"
EndProject
Global
	GlobalSection(SolutionConfigurationPlatforms) = preSolution
		Debug|Any CPU = Debug|Any CPU
		Release|Any CPU = Release|Any CPU
	EndGlobalSection
	GlobalSection(ProjectConfigurationPlatforms) = postSolution
		{B2BF1084-5F88-40FF-8CAA-24A0A3DF721D}.Debug|Any CPU.ActiveCfg = Debug|Any CPU
		{B2BF1084-5F88-40FF-8CAA-24A0A3DF721D}.Debug|Any CPU.Build.0 = Debug|Any CPU
		{B2BF1084-5F88-40FF-8CAA-24A0A3DF721D}.Release|Any CPU.ActiveCfg = Release|Any CPU
		{B2BF1084-5F88-40FF-8CAA-24A0A3DF721D}.Release|Any CPU.Build.0 = Release|Any CPU
		{404D4A91-9E1C-4350-AD52-2B48B065C012}.Debug|Any CPU.ActiveCfg = Debug|Any CPU
		{404D4A91-9E1C-4350-AD52-2B48B065C012}.Debug|Any CPU.Build.0 = Debug|Any CPU
		{404D4A91-9E1C-4350-AD52-2B48B065C012}.Release|Any CPU.ActiveCfg = Release|Any CPU
		{404D4A91-9E1C-4350-AD52-2B48B065C012}.Release|Any CPU.Build.0 = Release|Any CPU
	EndGlobalSection
	GlobalSection(SolutionProperties) = preSolution
		HideSolutionNode = FALSE
	EndGlobalSection
	GlobalSection(ExtensibilityGlobals) = postSolution
		SolutionGuid = {76842B69-1AFF-4A2B-BDA0-B8A005795EC5}
	EndGlobalSection
EndGlobal
